
Microsoft Visual Studio Solution File, Format Version 12.00
# Visual Studio Version 17
VisualStudioVersion = 17.1.32319.34
MinimumVisualStudioVersion = 10.0.40219.1
Project("{FAE04EC0-301F-11D3-BF4B-00C04F79EFBC}") = "BulkyBookWeb", "BulkyBookWeb\BulkyBookWeb.csproj", "{41E2E4CF-B50D-401E-A669-3D11A2284ED7}"
EndProject
Global
	GlobalSection(SolutionConfigurationPlatforms) = preSolution
		Debug|Any CPU = Debug|Any CPU
		Release|Any CPU = Release|Any CPU
	EndGlobalSection
	GlobalSection(ProjectConfigurationPlatforms) = postSolution
		{41E2E4CF-B50D-401E-A669-3D11A2284ED7}.Debug|Any CPU.ActiveCfg = Debug|Any CPU
		{41E2E4CF-B50D-401E-A669-3D11A2284ED7}.Debug|Any CPU.Build.0 = Debug|Any CPU
		{41E2E4CF-B50D-401E-A669-3D11A2284ED7}.Release|Any CPU.ActiveCfg = Release|Any CPU
		{41E2E4CF-B50D-401E-A669-3D11A2284ED7}.Release|Any CPU.Build.0 = Release|Any CPU
	EndGlobalSection
	GlobalSection(SolutionProperties) = preSolution
		HideSolutionNode = FALSE
	EndGlobalSection
	GlobalSection(ExtensibilityGlobals) = postSolution
		SolutionGuid = {A1BBAE31-0915-40BF-9624-3C589E484B7B}
	EndGlobalSection
EndGlobal
